PODS:
  - Flutter (1.0.0)
  - jw_video_player (0.0.1):
    - Flutter
    - JWPlayerKit
  - JWPlayerKit (4.9.1)

DEPENDENCIES:
  - Flutter (from `Flutter`)
  - jw_video_player (from `.symlinks/plugins/jw_video_player/ios`)

SPEC REPOS:
  trunk:
    - JWPlayerKit

EXTERNAL SOURCES:
  Flutter:
    :path: Flutter
  jw_video_player:
    :path: ".symlinks/plugins/jw_video_player/ios"

SPEC CHECKSUMS:
  Flutter: f04841e97a9d0b0a8025694d0796dd46242b2854
  jw_video_player: bc3b8d36dcbeeedae703049ebc7a0bfdd79b1ec8
  JWPlayerKit: f1b14210bc0d13db9a639eb0a72f8b01feec3f7b

PODFILE CHECKSUM: ef19549a9bc3046e7bb7d2fab4d021637c0c58a3

COCOAPODS: 1.11.3
