PODS:
  - Flutter (1.0.0)
  - flutter_poc (0.0.1):
    - Flutter
    - JWPlayerKit
  - JWPlayerKit (4.6.1)

DEPENDENCIES:
  - Flutter (from `Flutter`)
  - flutter_poc (from `.symlinks/plugins/flutter_poc/ios`)

SPEC REPOS:
  trunk:
    - JWPlayerKit

EXTERNAL SOURCES:
  Flutter:
    :path: Flutter
  flutter_poc:
    :path: ".symlinks/plugins/flutter_poc/ios"

SPEC CHECKSUMS:
  Flutter: f04841e97a9d0b0a8025694d0796dd46242b2854
  flutter_poc: 350b11021841ad97feea5d4b6dc61de205c20d32
  JWPlayerKit: b4035d38ce4ed385ec2afdc69b9cb78943a070dc

PODFILE CHECKSUM: fe0e1ee7f3d1f7d00b11b474b62dd62134535aea

COCOAPODS: 1.11.3
